
Microsoft Visual Studio Solution File, Format Version 12.00
# Visual Studio Version 17
VisualStudioVersion = 17.11.35303.130
MinimumVisualStudioVersion = 10.0.40219.1
Project("{FAE04EC0-301F-11D3-BF4B-00C04F79EFBC}") = "Fami2Midi", "Fami2Midi.csproj", "{06A2F248-EC22-4858-B591-90F11053D959}"
EndProject
Global
	GlobalSection(SolutionConfigurationPlatforms) = preSolution
		Debug|Any CPU = Debug|Any CPU
		Release|Any CPU = Release|Any CPU
	EndGlobalSection
	GlobalSection(ProjectConfigurationPlatforms) = postSolution
		{06A2F248-EC22-4858-B591-90F11053D959}.Debug|Any CPU.ActiveCfg = Debug|Any CPU
		{06A2F248-EC22-4858-B591-90F11053D959}.Debug|Any CPU.Build.0 = Debug|Any CPU
		{06A2F248-EC22-4858-B591-90F11053D959}.Release|Any CPU.ActiveCfg = Release|Any CPU
		{06A2F248-EC22-4858-B591-90F11053D959}.Release|Any CPU.Build.0 = Release|Any CPU
	EndGlobalSection
	GlobalSection(SolutionProperties) = preSolution
		HideSolutionNode = FALSE
	EndGlobalSection
	GlobalSection(ExtensibilityGlobals) = postSolution
		SolutionGuid = {7AF3BA73-38BE-435E-AC92-D9F15AB2F908}
	EndGlobalSection
EndGlobal
